# This file is autogenerated, do not edit; changes may be undone by the next 'dep ensure'.


[[projects]]
  digest = "1:eb53021a8aa3f599d29c7102e65026242bdedce998a54837dc67f14b6a97c5fd"
  name = "github.com/fsnotify/fsnotify"
  packages = ["."]
  pruneopts = ""
  revision = "c2828203cd70a50dcccfb2761f8b1f8ceef9a8e9"
  version = "v1.4.7"

[[projects]]
  digest = "1:fd53b471edb4c28c7d297f617f4da0d33402755f58d6301e7ca1197ef0a90937"
  name = "github.com/gogo/protobuf"
  packages = ["proto"]
  pruneopts = ""
  revision = "ba06b47c162d49f2af050fb4c75bcbc86a159d5c"
  version = "v1.2.1"

[[projects]]
  digest = "1:529d738b7976c3848cae5cf3a8036440166835e389c1f617af701eeb12a0518d"
  name = "github.com/golang/protobuf"
  packages = [
    "jsonpb",
    "proto",
    "protoc-gen-go/descriptor",
    "protoc-gen-go/generator",
    "protoc-gen-go/generator/internal/remap",
    "protoc-gen-go/plugin",
    "ptypes",
    "ptypes/any",
    "ptypes/duration",
    "ptypes/struct",
    "ptypes/timestamp",
    "ptypes/wrappers",
  ]
  pruneopts = ""
  revision = "b5d812f8a3706043e23a9cd5babf2e5423744d30"
  version = "v1.3.1"

[[projects]]
  digest = "1:286e87ff94e953edb261c012556764d5360fd7d892eeff43f44ccdbe1d0d2c0e"
  name = "github.com/grpc-ecosystem/grpc-gateway"
  packages = [
    "internal",
    "runtime",
    "utilities",
  ]
  pruneopts = ""
  revision = "cd0c8ef3533e9c04e6520cac37a81fe262fb0b34"
  version = "v1.9.2"

[[projects]]
  digest = "1:d14365c51dd1d34d5c79833ec91413bfbb166be978724f15701e17080dc06dec"
  name = "github.com/hashicorp/hcl"
  packages = [
    ".",
    "hcl/ast",
    "hcl/parser",
    "hcl/printer",
    "hcl/scanner",
    "hcl/strconv",
    "hcl/token",
    "json/parser",
    "json/scanner",
    "json/token",
  ]
  pruneopts = ""
  revision = "8cb6e5b959231cc1119e43259c4a608f9c51a241"
  version = "v1.0.0"

[[projects]]
  digest = "1:b3c5b95e56c06f5aa72cb2500e6ee5f44fcd122872d4fec2023a488e561218bc"
  name = "github.com/hpcloud/tail"
  packages = [
    ".",
    "ratelimiter",
    "util",
    "watch",
    "winfile",
  ]
  pruneopts = ""
  revision = "a30252cb686a21eb2d0b98132633053ec2f7f1e5"
  version = "v1.0.0"

[[projects]]
  digest = "1:870d441fe217b8e689d7949fef6e43efbc787e50f200cb1e70dbca9204a1d6be"
  name = "github.com/inconshreveable/mousetrap"
  packages = ["."]
  pruneopts = ""
  revision = "76626ae9c91c4f2a10f34cad8ce83ea42c93bb75"
  version = "v1.0"

[[projects]]
  digest = "1:7e84371aa99782092df4d9175df1b828e9dbbbd344fcc50bcf3ced3e9d3c31ce"
  name = "github.com/influxdata/influxdb1-client"
  packages = [
    "models",
    "pkg/escape",
    "v2",
  ]
  pruneopts = ""
  revision = "8ff2fc3824fcb533795f9a2f233275f0bb18d6c5"

[[projects]]
  digest = "1:a6831626f6541807d5f91820eec64203060ffb1f3c8e0414f439e8ffbfcf4b1d"
  name = "github.com/influxdata/influxql"
  packages = [
    ".",
    "internal",
  ]
  pruneopts = ""
  revision = "1cbfca8e56b6eaa120f5b5161e4f0d5edcc9e513"
  version = "v1.0.0"

[[projects]]
  digest = "1:ae39921edb7f801f7ce1b6b5484f9715a1dd2b52cb645daef095cd10fd6ee774"
  name = "github.com/magiconair/properties"
  packages = ["."]
  pruneopts = ""
  revision = "de8848e004dd33dc07a2947b3d76f618a7fc7ef1"
  version = "v1.8.1"

[[projects]]
  digest = "1:bcc46a0fbd9e933087bef394871256b5c60269575bb661935874729c65bbbf60"
  name = "github.com/mitchellh/mapstructure"
  packages = ["."]
  pruneopts = ""
  revision = "3536a929edddb9a5b34bd6861dc4a9647cb459fe"
  version = "v1.1.2"

[[projects]]
  branch = "master"
  digest = "1:1e1800b6354ac0f6c22ada1f0fbc3f086a35bc5d591a88f3a3474c7357cf483b"
  name = "github.com/nalej/authx-interceptors"
  packages = [
    "pkg/interceptor/apikey",
    "pkg/interceptor/config",
  ]
  pruneopts = ""
  revision = "f6e10135723fef56bd95b181abdb3a0410cc3bd1"

[[projects]]
  digest = "1:0cc441f3dfe124dd74f44dd7e466dfc17cc7edff468094fbc3847a96b5ebf6f7"
  name = "github.com/nalej/derrors"
  packages = ["."]
  pruneopts = ""
  revision = "7a6df7f0bb1c7cddfec82c91119f193f6fcbc9d5"
  version = "v2.0.0"

[[projects]]
  digest = "1:cfdc08a44d4a20ba76521e370c464e9a3056154cbe939c8115f3f689b7eedc7a"
  name = "github.com/nalej/grpc-authx-go"
  packages = ["."]
  pruneopts = ""
  revision = "27c410c0c02716415a772e92832e9059a1c3e95a"
  version = "v0.0.50"

[[projects]]
  digest = "1:44f7426538411ea9f774f96e3b102decc9f549b188e55e29ecc15be69542a96b"
  name = "github.com/nalej/grpc-common-go"
  packages = ["."]
  pruneopts = ""
  revision = "e1513decc4192934536180d456748a4c3dec0245"
  version = "v0.0.30"

[[projects]]
  digest = "1:0bad099051ea5df46222752d38f98673d2ccec88ab40e30a9ec3d1473cbcd634"
  name = "github.com/nalej/grpc-device-controller-go"
  packages = ["."]
  pruneopts = ""
  revision = "a17911a9960d5b17ac0b40f4613a07258b831e69"
  version = "v0.0.8"

[[projects]]
  digest = "1:18162d8feec3cf2d0f1c2b65492d920d4b20f1845230ed777b606a600961b8bd"
  name = "github.com/nalej/grpc-device-go"
  packages = ["."]
  pruneopts = ""
  revision = "a4e4011245345cdffd93e963fd21309660c98f6a"
  version = "v0.0.37"

[[projects]]
  digest = "1:8bf6a4f61d120a58f7d0f5c623dfd0767ae7719fc98f9ebd12c0cd96205c6e12"
  name = "github.com/nalej/grpc-device-manager-go"
  packages = ["."]
  pruneopts = ""
  revision = "63520a6d8f6e6adaa2e49dcd0fd970eaf285e1de"
  version = "v0.0.14"

[[projects]]
  digest = "1:981a02df6817e22b52b0bb383122f81d80550cbf2620a47c974d5c192a827c6e"
  name = "github.com/nalej/grpc-edge-controller-go"
  packages = ["."]
  pruneopts = ""
  revision = "f48b5adef95137d4891b73d608c1808de8b0c4c6"
  version = "v0.0.12"

[[projects]]
  digest = "1:39b8ec80c8c4f1928c334e1bcfa4c8002943fcd600b8c2571d04166b3e92db62"
  name = "github.com/nalej/grpc-edge-inventory-proxy-go"
  packages = ["."]
  pruneopts = ""
  revision = "40020eba2c30e410f97fef6d2e601b369d01edc3"
  version = "v0.0.11"

[[projects]]
  digest = "1:791a72ce09d30b99964d4f6d422df87a1208d5f38a6cb4294def51f916a868f1"
  name = "github.com/nalej/grpc-eic-api-go"
  packages = ["."]
  pruneopts = ""
  revision = "09f970d99db6e682192fb78b4ee5802f4df9e822"
  version = "v0.0.3"

[[projects]]
  digest = "1:e52a6409dee0debe0f68f7a1c77036d4120115ea1d1491ba93ebf109aa8bb50a"
  name = "github.com/nalej/grpc-inventory-go"
  packages = ["."]
  pruneopts = ""
  revision = "a1d4777aae66823379e4142489016a40559e3bd0"
  version = "v0.0.24"

[[projects]]
  digest = "1:6a73d2f0f74763d2d84ede2d74f222121051733e25c9142d875236fb917d5ebe"
  name = "github.com/nalej/grpc-inventory-manager-go"
  packages = ["."]
  pruneopts = ""
  revision = "a115456e5deece61b1c9bbcc954e7c47a76ce83c"
  version = "v0.0.43"

[[projects]]
  digest = "1:0e5100c2c9fcced5b1c0f2306742cbd44dd401cfc52a4b90678c02277fb44ac2"
  name = "github.com/nalej/grpc-organization-go"
  packages = ["."]
  pruneopts = ""
  revision = "7d52d468280a36e3c7dff9633303edd50c416b0a"
  version = "v0.0.29"

[[projects]]
  digest = "1:10fc9b68ee6cadf220c5a9268711c2521806cc96e77ac132f67451ea2950954e"
  name = "github.com/nalej/grpc-user-go"
  packages = ["."]
  pruneopts = ""
  revision = "05ecf0dd7746f97320758e963b10e398c1725179"
  version = "v0.0.30"

[[projects]]
  digest = "1:a55e0792c0a632d14fc0f7a1c4b55ed2973189c2267d7197c2e13b1a44371466"
  name = "github.com/nalej/grpc-utils"
  packages = ["pkg/conversions"]
  pruneopts = ""
  revision = "3763d699ec598000c8095dc4d2e86a3ec0a169ff"
  version = "v1.3.1"

[[projects]]
  digest = "1:caf839a4741eb24688de1e400e2a3d933542e47dbb10362ff357ba8b8094d1ac"
  name = "github.com/nalej/infra-net-plugin"
  packages = ["."]
  pruneopts = ""
  revision = "3cd6896122c6ff795bb4b0be1e9fbfe3f931187a"
  version = "v1.0.0"

[[projects]]
  digest = "1:a3735b0978a8b53fc2ac97a6f46ca1189f0712a00df86d6ec4cf26c1a25e6d77"
  name = "github.com/onsi/ginkgo"
  packages = [
    ".",
    "config",
    "internal/codelocation",
    "internal/containernode",
    "internal/failer",
    "internal/leafnodes",
    "internal/remote",
    "internal/spec",
    "internal/spec_iterator",
    "internal/specrunner",
    "internal/suite",
    "internal/testingtproxy",
    "internal/writer",
    "reporters",
    "reporters/stenographer",
    "reporters/stenographer/support/go-colorable",
    "reporters/stenographer/support/go-isatty",
    "types",
  ]
  pruneopts = ""
  revision = "eea6ad008b96acdaa524f5b409513bf062b500ad"
  version = "v1.8.0"

[[projects]]
  digest = "1:dbafce2fddb1ca331646fe2ac9c9413980368b19a60a4406a6e5861680bd73be"
  name = "github.com/onsi/gomega"
  packages = [
    ".",
    "format",
    "internal/assertion",
    "internal/asyncassertion",
    "internal/oraclematcher",
    "internal/testingtsupport",
    "matchers",
    "matchers/support/goraph/bipartitegraph",
    "matchers/support/goraph/edge",
    "matchers/support/goraph/node",
    "matchers/support/goraph/util",
    "types",
  ]
  pruneopts = ""
  revision = "90e289841c1ed79b7a598a7cd9959750cb5e89e2"
  version = "v1.5.0"

[[projects]]
  digest = "1:3d2c33720d4255686b9f4a7e4d3b94938ee36063f14705c5eb0f73347ed4c496"
  name = "github.com/pelletier/go-toml"
  packages = ["."]
  pruneopts = ""
  revision = "728039f679cbcd4f6a54e080d2219a4c4928c546"
  version = "v1.4.0"

[[projects]]
  digest = "1:3b6d6b1b349b7a4e3325572853b9e1f95b7f87950be55ae3317f8c91fb878d00"
  name = "github.com/rs/zerolog"
  packages = [
    ".",
    "internal/cbor",
    "internal/json",
    "log",
  ]
  pruneopts = ""
  revision = "acf3980132bfcdc48638724e6e3d9e5749b85999"
  version = "v1.14.3"

[[projects]]
  digest = "1:7f569d906bdd20d906b606415b7d794f798f91a62fcfb6a4daa6d50690fb7a3f"
  name = "github.com/satori/go.uuid"
  packages = ["."]
  pruneopts = ""
  revision = "f58768cc1a7a7e77a3bd49e98cdd21419399b6a3"
  version = "v1.2.0"

[[projects]]
  digest = "1:956f655c87b7255c6b1ae6c203ebb0af98cf2a13ef2507e34c9bf1c0332ac0f5"
  name = "github.com/spf13/afero"
  packages = [
    ".",
    "mem",
  ]
  pruneopts = ""
  revision = "588a75ec4f32903aa5e39a2619ba6a4631e28424"
  version = "v1.2.2"

[[projects]]
  digest = "1:ae3493c780092be9d576a1f746ab967293ec165e8473425631f06658b6212afc"
  name = "github.com/spf13/cast"
  packages = ["."]
  pruneopts = ""
  revision = "8c9545af88b134710ab1cd196795e7f2388358d7"
  version = "v1.3.0"

[[projects]]
  digest = "1:0c63b3c7ad6d825a898f28cb854252a3b29d37700c68a117a977263f5ec94efe"
  name = "github.com/spf13/cobra"
  packages = ["."]
  pruneopts = ""
  revision = "f2b07da1e2c38d5f12845a4f607e2e1018cbb1f5"
  version = "v0.0.5"

[[projects]]
  digest = "1:cc15ae4fbdb02ce31f3392361a70ac041f4f02e0485de8ffac92bd8033e3d26e"
  name = "github.com/spf13/jwalterweatherman"
  packages = ["."]
  pruneopts = ""
  revision = "94f6ae3ed3bceceafa716478c5fbf8d29ca601a1"
  version = "v1.1.0"

[[projects]]
  digest = "1:cbaf13cdbfef0e4734ed8a7504f57fe893d471d62a35b982bf6fb3f036449a66"
  name = "github.com/spf13/pflag"
  packages = ["."]
  pruneopts = ""
  revision = "298182f68c66c05229eb03ac171abe6e309ee79a"
  version = "v1.0.3"

[[projects]]
  digest = "1:9b483544fcf4fc0155e566f49ee669c205fba12a36eb18e7f80510796a606db4"
  name = "github.com/spf13/viper"
  packages = ["."]
  pruneopts = ""
  revision = "b5bf975e5823809fb22c7644d008757f78a4259e"
  version = "v1.4.0"

[[projects]]
  digest = "1:a434b4f8c58b32c879170ef48dd400c3cc9c7b6c56a2d2118b93a4575e889319"
  name = "go.etcd.io/bbolt"
  packages = ["."]
  pruneopts = ""
  revision = "a0458a2b35708eef59eb5f620ceb3cd1c01a824d"
  version = "v1.3.3"

[[projects]]
  branch = "master"
  digest = "1:e8dcab1991c5afb5f4cf88ebfbe7edc85407cc3c3a0768e705e10158b2036963"
  name = "golang.org/x/net"
  packages = [
    "context",
    "html",
    "html/atom",
    "html/charset",
    "http/httpguts",
    "http2",
    "http2/hpack",
    "idna",
    "internal/timeseries",
    "trace",
  ]
  pruneopts = ""
  revision = "d28f0bde5980168871434b95cfc858db9f2a7a99"

[[projects]]
  branch = "master"
  digest = "1:794f69a2bed5661c1bc3a290f0f69583b0697d48b32e98cc831da6d38aa88847"
  name = "golang.org/x/sys"
  packages = ["unix"]
  pruneopts = ""
  revision = "516e3c20635fbe39539f7ed361a15c51fec29cd8"

[[projects]]
  digest = "1:740b51a55815493a8d0f2b1e0d0ae48fe48953bf7eaf3fcc4198823bf67768c0"
  name = "golang.org/x/text"
  packages = [
    "collate",
    "collate/build",
    "encoding",
    "encoding/charmap",
    "encoding/htmlindex",
    "encoding/internal",
    "encoding/internal/identifier",
    "encoding/japanese",
    "encoding/korean",
    "encoding/simplifiedchinese",
    "encoding/traditionalchinese",
    "encoding/unicode",
    "internal/colltab",
    "internal/gen",
    "internal/language",
    "internal/language/compact",
    "internal/tag",
    "internal/triegen",
    "internal/ucd",
    "internal/utf8internal",
    "language",
    "runes",
    "secure/bidirule",
    "transform",
    "unicode/bidi",
    "unicode/cldr",
    "unicode/norm",
    "unicode/rangetable",
  ]
  pruneopts = ""
  revision = "342b2e1fbaa52c93f31447ad2c6abc048c63e475"
  version = "v0.3.2"

[[projects]]
  branch = "master"
  digest = "1:35b7c9c7e96aaebcd052de9c0b9787e22796a979e989408d7ce9a9a32de906d4"
  name = "google.golang.org/genproto"
  packages = [
    "googleapis/api/annotations",
    "googleapis/api/httpbody",
    "googleapis/rpc/errdetails",
    "googleapis/rpc/status",
    "protobuf/field_mask",
  ]
  pruneopts = ""
  revision = "a7e196e89fd3a3c4d103ca540bd5dac3a736e375"

[[projects]]
  digest = "1:6881653b963cd12dc1a9824aed5e122d0ff38e53e3ee07862f969a56ad2f2e9c"
  name = "google.golang.org/grpc"
  packages = [
    ".",
    "balancer",
    "balancer/base",
    "balancer/roundrobin",
    "binarylog/grpc_binarylog_v1",
    "codes",
    "connectivity",
    "credentials",
    "credentials/internal",
    "encoding",
    "encoding/proto",
    "grpclog",
    "internal",
    "internal/backoff",
    "internal/balancerload",
    "internal/binarylog",
    "internal/channelz",
    "internal/envconfig",
    "internal/grpcrand",
    "internal/grpcsync",
    "internal/syscall",
    "internal/transport",
    "keepalive",
    "metadata",
    "naming",
    "peer",
    "reflection",
    "reflection/grpc_reflection_v1alpha",
    "resolver",
    "resolver/dns",
    "resolver/passthrough",
    "stats",
    "status",
    "tap",
  ]
  pruneopts = ""
  revision = "501c41df7f472c740d0674ff27122f3f48c80ce7"
  version = "v1.21.1"

[[projects]]
  digest = "1:eb53021a8aa3f599d29c7102e65026242bdedce998a54837dc67f14b6a97c5fd"
  name = "gopkg.in/fsnotify.v1"
  packages = ["."]
  pruneopts = ""
  revision = "c2828203cd70a50dcccfb2761f8b1f8ceef9a8e9"
  source = "https://github.com/fsnotify/fsnotify/archive/v1.4.7.tar.gz"
  version = "v1.4.7"

[[projects]]
  branch = "v1"
  digest = "1:a96d16bd088460f2e0685d46c39bcf1208ba46e0a977be2df49864ec7da447dd"
  name = "gopkg.in/tomb.v1"
  packages = ["."]
  pruneopts = ""
  revision = "dd632973f1e7218eb1089048e0798ec9ae7dceb8"

[[projects]]
  digest = "1:cedccf16b71e86db87a24f8d4c70b0a855872eb967cb906a66b95de56aefbd0d"
  name = "gopkg.in/yaml.v2"
  packages = ["."]
  pruneopts = ""
  revision = "51d6538a90f86fe93ac480b35f37b2be17fef232"
  version = "v2.2.2"

[solve-meta]
  analyzer-name = "dep"
  analyzer-version = 1
  input-imports = [
    "github.com/influxdata/influxdb1-client/v2",
    "github.com/influxdata/influxql",
    "github.com/nalej/authx-interceptors/pkg/interceptor/apikey",
    "github.com/nalej/authx-interceptors/pkg/interceptor/config",
    "github.com/nalej/derrors",
    "github.com/nalej/grpc-common-go",
    "github.com/nalej/grpc-edge-controller-go",
    "github.com/nalej/grpc-edge-inventory-proxy-go",
    "github.com/nalej/grpc-eic-api-go",
    "github.com/nalej/grpc-inventory-go",
    "github.com/nalej/grpc-inventory-manager-go",
    "github.com/nalej/grpc-utils/pkg/conversions",
    "github.com/nalej/infra-net-plugin",
    "github.com/onsi/ginkgo",
    "github.com/onsi/gomega",
    "github.com/rs/zerolog",
    "github.com/rs/zerolog/log",
    "github.com/satori/go.uuid",
    "github.com/spf13/cobra",
    "github.com/spf13/viper",
    "go.etcd.io/bbolt",
    "golang.org/x/net/context",
    "google.golang.org/grpc",
    "google.golang.org/grpc/credentials",
    "google.golang.org/grpc/metadata",
    "google.golang.org/grpc/peer",
    "google.golang.org/grpc/reflection",
  ]
  solver-name = "gps-cdcl"
  solver-version = 1
